
Microsoft Visual Studio Solution File, Format Version 12.00
# Visual Studio 15
VisualStudioVersion = 15.0.28010.2026
MinimumVisualStudioVersion = 10.0.40219.1
Project("{FAE04EC0-301F-11D3-BF4B-00C04F79EFBC}") = "Assign_01_V2", "Assign_02_V2\Assign_01_V2.csproj", "{5C6C6513-54E1-4399-AED5-84E0D811A409}"
EndProject
Global
	GlobalSection(SolutionConfigurationPlatforms) = preSolution
		Debug|Any CPU = Debug|Any CPU
		Release|Any CPU = Release|Any CPU
	EndGlobalSection
	GlobalSection(ProjectConfigurationPlatforms) = postSolution
		{5C6C6513-54E1-4399-AED5-84E0D811A409}.Debug|Any CPU.ActiveCfg = Debug|Any CPU
		{5C6C6513-54E1-4399-AED5-84E0D811A409}.Debug|Any CPU.Build.0 = Debug|Any CPU
		{5C6C6513-54E1-4399-AED5-84E0D811A409}.Release|Any CPU.ActiveCfg = Release|Any CPU
		{5C6C6513-54E1-4399-AED5-84E0D811A409}.Release|Any CPU.Build.0 = Release|Any CPU
	EndGlobalSection
	GlobalSection(SolutionProperties) = preSolution
		HideSolutionNode = FALSE
	EndGlobalSection
	GlobalSection(ExtensibilityGlobals) = postSolution
		SolutionGuid = {21306CF6-8F12-444E-BADA-AD670484C1FF}
	EndGlobalSection
EndGlobal
